
Microsoft Visual Studio Solution File, Format Version 12.00
# Visual Studio Version 17
VisualStudioVersion = 17.6.33801.468
MinimumVisualStudioVersion = 10.0.40219.1
Project("{FAE04EC0-301F-11D3-BF4B-00C04F79EFBC}") = "ProyectoProgra2", "ProyectoProgra2.csproj", "{5713DC6B-4DBC-426F-8709-EA643FD4E873}"
EndProject
Global
	GlobalSection(SolutionConfigurationPlatforms) = preSolution
		Debug|Any CPU = Debug|Any CPU
		Release|Any CPU = Release|Any CPU
	EndGlobalSection
	GlobalSection(ProjectConfigurationPlatforms) = postSolution
		{5713DC6B-4DBC-426F-8709-EA643FD4E873}.Debug|Any CPU.ActiveCfg = Debug|Any CPU
		{5713DC6B-4DBC-426F-8709-EA643FD4E873}.Debug|Any CPU.Build.0 = Debug|Any CPU
		{5713DC6B-4DBC-426F-8709-EA643FD4E873}.Release|Any CPU.ActiveCfg = Release|Any CPU
		{5713DC6B-4DBC-426F-8709-EA643FD4E873}.Release|Any CPU.Build.0 = Release|Any CPU
	EndGlobalSection
	GlobalSection(SolutionProperties) = preSolution
		HideSolutionNode = FALSE
	EndGlobalSection
	GlobalSection(ExtensibilityGlobals) = postSolution
		SolutionGuid = {6CD8CF32-B467-4E20-91BE-1952EB5B8D37}
	EndGlobalSection
EndGlobal
